
Microsoft Visual Studio Solution File, Format Version 12.00
# Visual Studio Version 17
VisualStudioVersion = 17.5.002.0
MinimumVisualStudioVersion = 10.0.40219.1
Project("{2150E333-8FDC-42A3-9474-1A3956D46DE8}") = "prepare", "prepare", "{34567F27-9E74-4A37-8EBE-10343FF3CF2D}"
EndProject
Project("{9A19103F-16F7-4668-BE54-9A1E7A4F7556}") = "Learning02", "prepare\Learning02\Learning02.csproj", "{097A58BF-A501-4355-9661-5E22386CDEE6}"
EndProject
Project("{9A19103F-16F7-4668-BE54-9A1E7A4F7556}") = "Learning05", "prepare\Learning05\Learning05.csproj", "{55F5E040-34CD-4B45-9709-8121DC593A71}"
EndProject
Project("{9A19103F-16F7-4668-BE54-9A1E7A4F7556}") = "Learning04", "prepare\Learning04\Learning04.csproj", "{D90E6BEF-7ABE-4F6E-B641-C189E338912E}"
EndProject
Project("{9A19103F-16F7-4668-BE54-9A1E7A4F7556}") = "Learning03", "prepare\Learning03\Learning03.csproj", "{6608803A-05FB-4FA3-B8CC-1CF1B9485080}"
EndProject
Project("{2150E333-8FDC-42A3-9474-1A3956D46DE8}") = "prove", "prove", "{8EC3A968-761D-4BCF-AD3C-7226DC2D180C}"
EndProject
Project("{9A19103F-16F7-4668-BE54-9A1E7A4F7556}") = "Develop03", "prove\Develop03\Develop03.csproj", "{1D5512D5-02C2-4C9D-B733-67780178779D}"
EndProject
Project("{9A19103F-16F7-4668-BE54-9A1E7A4F7556}") = "Develop04", "prove\Develop04\Develop04.csproj", "{9254CBAD-8EBE-4C85-AF1A-C34607F20F0D}"
EndProject
Project("{9A19103F-16F7-4668-BE54-9A1E7A4F7556}") = "Develop05", "prove\Develop05\Develop05.csproj", "{0BB3BB30-4EAD-491D-A63F-F92264A439FF}"
EndProject
Project("{9A19103F-16F7-4668-BE54-9A1E7A4F7556}") = "Develop02", "prove\Develop02\Develop02.csproj", "{C4E15F02-E5C9-410A-BA66-C4AD6936E4FB}"
EndProject
Project("{2150E333-8FDC-42A3-9474-1A3956D46DE8}") = "sandbox", "sandbox", "{F9E48CA8-6BB8-461C-B754-CB20999E83C7}"
EndProject
Project("{9A19103F-16F7-4668-BE54-9A1E7A4F7556}") = "Sandbox", "sandbox\Sandbox\Sandbox.csproj", "{924B3BE6-03ED-4C03-8BB4-31F9341FA732}"
EndProject
Project("{2150E333-8FDC-42A3-9474-1A3956D46DE8}") = "final", "final", "{0D9D1567-B4B1-4FFB-B7C4-FF141E498F30}"
EndProject
Project("{9A19103F-16F7-4668-BE54-9A1E7A4F7556}") = "FinalProject", "final\FinalProject\FinalProject.csproj", "{8BAE8C68-091B-464C-9C92-EB82AE2A32B8}"
EndProject
Project("{9A19103F-16F7-4668-BE54-9A1E7A4F7556}") = "Foundation1", "final\Foundation1\Foundation1.csproj", "{F9941FE9-F750-4CC3-B6F0-10F8281C62E0}"
EndProject
Project("{9A19103F-16F7-4668-BE54-9A1E7A4F7556}") = "Foundation4", "final\Foundation4\Foundation4.csproj", "{4ECC3AD7-5128-42A2-B05C-E50A13C4D548}"
EndProject
Project("{9A19103F-16F7-4668-BE54-9A1E7A4F7556}") = "Foundation3", "final\Foundation3\Foundation3.csproj", "{226DA624-AF1D-4FED-9A97-840170869B0E}"
EndProject
Project("{9A19103F-16F7-4668-BE54-9A1E7A4F7556}") = "Foundation2", "final\Foundation2\Foundation2.csproj", "{24413CFB-C1FA-41A3-A96B-D56770EA8992}"
EndProject
Project("{2150E333-8FDC-42A3-9474-1A3956D46DE8}") = "csharp-prep", "csharp-prep", "{0EE36157-24D3-4DF8-817C-96BB01EF45FB}"
EndProject
Project("{9A19103F-16F7-4668-BE54-9A1E7A4F7556}") = "Prep1", "csharp-prep\Prep1\Prep1.csproj", "{FA4B8996-E297-45E0-AE61-5278A2799222}"
EndProject
Project("{9A19103F-16F7-4668-BE54-9A1E7A4F7556}") = "Prep5", "csharp-prep\Prep5\Prep5.csproj", "{D2D8C437-FF14-4DF0-A54A-4C9D590D2B60}"
EndProject
Project("{9A19103F-16F7-4668-BE54-9A1E7A4F7556}") = "Prep2", "csharp-prep\Prep2\Prep2.csproj", "{C4EC435B-E993-441A-9A86-8B076D7D1C51}"
EndProject
Project("{9A19103F-16F7-4668-BE54-9A1E7A4F7556}") = "Prep3", "csharp-prep\Prep3\Prep3.csproj", "{8DFAFD42-20E0-4685-BD0A-A433746784BA}"
EndProject
Project("{9A19103F-16F7-4668-BE54-9A1E7A4F7556}") = "Prep4", "csharp-prep\Prep4\Prep4.csproj", "{A1170539-64B6-4437-86ED-B3698B485B7B}"
EndProject
Global
	GlobalSection(SolutionConfigurationPlatforms) = preSolution
		Debug|Any CPU = Debug|Any CPU
		Release|Any CPU = Release|Any CPU
	EndGlobalSection
	GlobalSection(ProjectConfigurationPlatforms) = postSolution
		{097A58BF-A501-4355-9661-5E22386CDEE6}.Debug|Any CPU.ActiveCfg = Debug|Any CPU
		{097A58BF-A501-4355-9661-5E22386CDEE6}.Debug|Any CPU.Build.0 = Debug|Any CPU
		{097A58BF-A501-4355-9661-5E22386CDEE6}.Release|Any CPU.ActiveCfg = Release|Any CPU
		{097A58BF-A501-4355-9661-5E22386CDEE6}.Release|Any CPU.Build.0 = Release|Any CPU
		{55F5E040-34CD-4B45-9709-8121DC593A71}.Debug|Any CPU.ActiveCfg = Debug|Any CPU
		{55F5E040-34CD-4B45-9709-8121DC593A71}.Debug|Any CPU.Build.0 = Debug|Any CPU
		{55F5E040-34CD-4B45-9709-8121DC593A71}.Release|Any CPU.ActiveCfg = Release|Any CPU
		{55F5E040-34CD-4B45-9709-8121DC593A71}.Release|Any CPU.Build.0 = Release|Any CPU
		{D90E6BEF-7ABE-4F6E-B641-C189E338912E}.Debug|Any CPU.ActiveCfg = Debug|Any CPU
		{D90E6BEF-7ABE-4F6E-B641-C189E338912E}.Debug|Any CPU.Build.0 = Debug|Any CPU
		{D90E6BEF-7ABE-4F6E-B641-C189E338912E}.Release|Any CPU.ActiveCfg = Release|Any CPU
		{D90E6BEF-7ABE-4F6E-B641-C189E338912E}.Release|Any CPU.Build.0 = Release|Any CPU
		{6608803A-05FB-4FA3-B8CC-1CF1B9485080}.Debug|Any CPU.ActiveCfg = Debug|Any CPU
		{6608803A-05FB-4FA3-B8CC-1CF1B9485080}.Debug|Any CPU.Build.0 = Debug|Any CPU
		{6608803A-05FB-4FA3-B8CC-1CF1B9485080}.Release|Any CPU.ActiveCfg = Release|Any CPU
		{6608803A-05FB-4FA3-B8CC-1CF1B9485080}.Release|Any CPU.Build.0 = Release|Any CPU
		{1D5512D5-02C2-4C9D-B733-67780178779D}.Debug|Any CPU.ActiveCfg = Debug|Any CPU
		{1D5512D5-02C2-4C9D-B733-67780178779D}.Debug|Any CPU.Build.0 = Debug|Any CPU
		{1D5512D5-02C2-4C9D-B733-67780178779D}.Release|Any CPU.ActiveCfg = Release|Any CPU
		{1D5512D5-02C2-4C9D-B733-67780178779D}.Release|Any CPU.Build.0 = Release|Any CPU
		{9254CBAD-8EBE-4C85-AF1A-C34607F20F0D}.Debug|Any CPU.ActiveCfg = Debug|Any CPU
		{9254CBAD-8EBE-4C85-AF1A-C34607F20F0D}.Debug|Any CPU.Build.0 = Debug|Any CPU
		{9254CBAD-8EBE-4C85-AF1A-C34607F20F0D}.Release|Any CPU.ActiveCfg = Release|Any CPU
		{9254CBAD-8EBE-4C85-AF1A-C34607F20F0D}.Release|Any CPU.Build.0 = Release|Any CPU
		{0BB3BB30-4EAD-491D-A63F-F92264A439FF}.Debug|Any CPU.ActiveCfg = Debug|Any CPU
		{0BB3BB30-4EAD-491D-A63F-F92264A439FF}.Debug|Any CPU.Build.0 = Debug|Any CPU
		{0BB3BB30-4EAD-491D-A63F-F92264A439FF}.Release|Any CPU.ActiveCfg = Release|Any CPU
		{0BB3BB30-4EAD-491D-A63F-F92264A439FF}.Release|Any CPU.Build.0 = Release|Any CPU
		{C4E15F02-E5C9-410A-BA66-C4AD6936E4FB}.Debug|Any CPU.ActiveCfg = Debug|Any CPU
		{C4E15F02-E5C9-410A-BA66-C4AD6936E4FB}.Debug|Any CPU.Build.0 = Debug|Any CPU
		{C4E15F02-E5C9-410A-BA66-C4AD6936E4FB}.Release|Any CPU.ActiveCfg = Release|Any CPU
		{C4E15F02-E5C9-410A-BA66-C4AD6936E4FB}.Release|Any CPU.Build.0 = Release|Any CPU
		{924B3BE6-03ED-4C03-8BB4-31F9341FA732}.Debug|Any CPU.ActiveCfg = Debug|Any CPU
		{924B3BE6-03ED-4C03-8BB4-31F9341FA732}.Debug|Any CPU.Build.0 = Debug|Any CPU
		{924B3BE6-03ED-4C03-8BB4-31F9341FA732}.Release|Any CPU.ActiveCfg = Release|Any CPU
		{924B3BE6-03ED-4C03-8BB4-31F9341FA732}.Release|Any CPU.Build.0 = Release|Any CPU
		{8BAE8C68-091B-464C-9C92-EB82AE2A32B8}.Debug|Any CPU.ActiveCfg = Debug|Any CPU
		{8BAE8C68-091B-464C-9C92-EB82AE2A32B8}.Debug|Any CPU.Build.0 = Debug|Any CPU
		{8BAE8C68-091B-464C-9C92-EB82AE2A32B8}.Release|Any CPU.ActiveCfg = Release|Any CPU
		{8BAE8C68-091B-464C-9C92-EB82AE2A32B8}.Release|Any CPU.Build.0 = Release|Any CPU
		{F9941FE9-F750-4CC3-B6F0-10F8281C62E0}.Debug|Any CPU.ActiveCfg = Debug|Any CPU
		{F9941FE9-F750-4CC3-B6F0-10F8281C62E0}.Debug|Any CPU.Build.0 = Debug|Any CPU
		{F9941FE9-F750-4CC3-B6F0-10F8281C62E0}.Release|Any CPU.ActiveCfg = Release|Any CPU
		{F9941FE9-F750-4CC3-B6F0-10F8281C62E0}.Release|Any CPU.Build.0 = Release|Any CPU
		{4ECC3AD7-5128-42A2-B05C-E50A13C4D548}.Debug|Any CPU.ActiveCfg = Debug|Any CPU
		{4ECC3AD7-5128-42A2-B05C-E50A13C4D548}.Debug|Any CPU.Build.0 = Debug|Any CPU
		{4ECC3AD7-5128-42A2-B05C-E50A13C4D548}.Release|Any CPU.ActiveCfg = Release|Any CPU
		{4ECC3AD7-5128-42A2-B05C-E50A13C4D548}.Release|Any CPU.Build.0 = Release|Any CPU
		{226DA624-AF1D-4FED-9A97-840170869B0E}.Debug|Any CPU.ActiveCfg = Debug|Any CPU
		{226DA624-AF1D-4FED-9A97-840170869B0E}.Debug|Any CPU.Build.0 = Debug|Any CPU
		{226DA624-AF1D-4FED-9A97-840170869B0E}.Release|Any CPU.ActiveCfg = Release|Any CPU
		{226DA624-AF1D-4FED-9A97-840170869B0E}.Release|Any CPU.Build.0 = Release|Any CPU
		{24413CFB-C1FA-41A3-A96B-D56770EA8992}.Debug|Any CPU.ActiveCfg = Debug|Any CPU
		{24413CFB-C1FA-41A3-A96B-D56770EA8992}.Debug|Any CPU.Build.0 = Debug|Any CPU
		{24413CFB-C1FA-41A3-A96B-D56770EA8992}.Release|Any CPU.ActiveCfg = Release|Any CPU
		{24413CFB-C1FA-41A3-A96B-D56770EA8992}.Release|Any CPU.Build.0 = Release|Any CPU
		{FA4B8996-E297-45E0-AE61-5278A2799222}.Debug|Any CPU.ActiveCfg = Debug|Any CPU
		{FA4B8996-E297-45E0-AE61-5278A2799222}.Debug|Any CPU.Build.0 = Debug|Any CPU
		{FA4B8996-E297-45E0-AE61-5278A2799222}.Release|Any CPU.ActiveCfg = Release|Any CPU
		{FA4B8996-E297-45E0-AE61-5278A2799222}.Release|Any CPU.Build.0 = Release|Any CPU
		{D2D8C437-FF14-4DF0-A54A-4C9D590D2B60}.Debug|Any CPU.ActiveCfg = Debug|Any CPU
		{D2D8C437-FF14-4DF0-A54A-4C9D590D2B60}.Debug|Any CPU.Build.0 = Debug|Any CPU
		{D2D8C437-FF14-4DF0-A54A-4C9D590D2B60}.Release|Any CPU.ActiveCfg = Release|Any CPU
		{D2D8C437-FF14-4DF0-A54A-4C9D590D2B60}.Release|Any CPU.Build.0 = Release|Any CPU
		{C4EC435B-E993-441A-9A86-8B076D7D1C51}.Debug|Any CPU.ActiveCfg = Debug|Any CPU
		{C4EC435B-E993-441A-9A86-8B076D7D1C51}.Debug|Any CPU.Build.0 = Debug|Any CPU
		{C4EC435B-E993-441A-9A86-8B076D7D1C51}.Release|Any CPU.ActiveCfg = Release|Any CPU
		{C4EC435B-E993-441A-9A86-8B076D7D1C51}.Release|Any CPU.Build.0 = Release|Any CPU
		{8DFAFD42-20E0-4685-BD0A-A433746784BA}.Debug|Any CPU.ActiveCfg = Debug|Any CPU
		{8DFAFD42-20E0-4685-BD0A-A433746784BA}.Debug|Any CPU.Build.0 = Debug|Any CPU
		{8DFAFD42-20E0-4685-BD0A-A433746784BA}.Release|Any CPU.ActiveCfg = Release|Any CPU
		{8DFAFD42-20E0-4685-BD0A-A433746784BA}.Release|Any CPU.Build.0 = Release|Any CPU
		{A1170539-64B6-4437-86ED-B3698B485B7B}.Debug|Any CPU.ActiveCfg = Debug|Any CPU
		{A1170539-64B6-4437-86ED-B3698B485B7B}.Debug|Any CPU.Build.0 = Debug|Any CPU
		{A1170539-64B6-4437-86ED-B3698B485B7B}.Release|Any CPU.ActiveCfg = Release|Any CPU
		{A1170539-64B6-4437-86ED-B3698B485B7B}.Release|Any CPU.Build.0 = Release|Any CPU
	EndGlobalSection
	GlobalSection(SolutionProperties) = preSolution
		HideSolutionNode = FALSE
	EndGlobalSection
	GlobalSection(NestedProjects) = preSolution
		{097A58BF-A501-4355-9661-5E22386CDEE6} = {34567F27-9E74-4A37-8EBE-10343FF3CF2D}
		{55F5E040-34CD-4B45-9709-8121DC593A71} = {34567F27-9E74-4A37-8EBE-10343FF3CF2D}
		{D90E6BEF-7ABE-4F6E-B641-C189E338912E} = {34567F27-9E74-4A37-8EBE-10343FF3CF2D}
		{6608803A-05FB-4FA3-B8CC-1CF1B9485080} = {34567F27-9E74-4A37-8EBE-10343FF3CF2D}
		{1D5512D5-02C2-4C9D-B733-67780178779D} = {8EC3A968-761D-4BCF-AD3C-7226DC2D180C}
		{9254CBAD-8EBE-4C85-AF1A-C34607F20F0D} = {8EC3A968-761D-4BCF-AD3C-7226DC2D180C}
		{0BB3BB30-4EAD-491D-A63F-F92264A439FF} = {8EC3A968-761D-4BCF-AD3C-7226DC2D180C}
		{C4E15F02-E5C9-410A-BA66-C4AD6936E4FB} = {8EC3A968-761D-4BCF-AD3C-7226DC2D180C}
		{924B3BE6-03ED-4C03-8BB4-31F9341FA732} = {F9E48CA8-6BB8-461C-B754-CB20999E83C7}
		{8BAE8C68-091B-464C-9C92-EB82AE2A32B8} = {0D9D1567-B4B1-4FFB-B7C4-FF141E498F30}
		{F9941FE9-F750-4CC3-B6F0-10F8281C62E0} = {0D9D1567-B4B1-4FFB-B7C4-FF141E498F30}
		{4ECC3AD7-5128-42A2-B05C-E50A13C4D548} = {0D9D1567-B4B1-4FFB-B7C4-FF141E498F30}
		{226DA624-AF1D-4FED-9A97-840170869B0E} = {0D9D1567-B4B1-4FFB-B7C4-FF141E498F30}
		{24413CFB-C1FA-41A3-A96B-D56770EA8992} = {0D9D1567-B4B1-4FFB-B7C4-FF141E498F30}
		{FA4B8996-E297-45E0-AE61-5278A2799222} = {0EE36157-24D3-4DF8-817C-96BB01EF45FB}
		{D2D8C437-FF14-4DF0-A54A-4C9D590D2B60} = {0EE36157-24D3-4DF8-817C-96BB01EF45FB}
		{C4EC435B-E993-441A-9A86-8B076D7D1C51} = {0EE36157-24D3-4DF8-817C-96BB01EF45FB}
		{8DFAFD42-20E0-4685-BD0A-A433746784BA} = {0EE36157-24D3-4DF8-817C-96BB01EF45FB}
		{A1170539-64B6-4437-86ED-B3698B485B7B} = {0EE36157-24D3-4DF8-817C-96BB01EF45FB}
	EndGlobalSection
	GlobalSection(ExtensibilityGlobals) = postSolution
		SolutionGuid = {FCC47BBE-9EEC-4CCA-992E-05B710093F16}
	EndGlobalSection
EndGlobal
